
Microsoft Visual Studio Solution File, Format Version 12.00
# Visual Studio Version 17
VisualStudioVersion = 17.13.35919.96 d17.13
MinimumVisualStudioVersion = 10.0.40219.1
Project("{FAE04EC0-301F-11D3-BF4B-00C04F79EFBC}") = "SimpleSQLReader", "SimpleSQLReader\SimpleSQLReader.csproj", "{462B5C99-64A5-4593-B96C-652767BAEF3C}"
EndProject
Global
	GlobalSection(SolutionConfigurationPlatforms) = preSolution
		Debug|Any CPU = Debug|Any CPU
		Release|Any CPU = Release|Any CPU
	EndGlobalSection
	GlobalSection(ProjectConfigurationPlatforms) = postSolution
		{462B5C99-64A5-4593-B96C-652767BAEF3C}.Debug|Any CPU.ActiveCfg = Debug|Any CPU
		{462B5C99-64A5-4593-B96C-652767BAEF3C}.Debug|Any CPU.Build.0 = Debug|Any CPU
		{462B5C99-64A5-4593-B96C-652767BAEF3C}.Release|Any CPU.ActiveCfg = Debug|Any CPU
		{462B5C99-64A5-4593-B96C-652767BAEF3C}.Release|Any CPU.Build.0 = Debug|Any CPU
	EndGlobalSection
	GlobalSection(SolutionProperties) = preSolution
		HideSolutionNode = FALSE
	EndGlobalSection
	GlobalSection(ExtensibilityGlobals) = postSolution
		SolutionGuid = {B5DE2022-E04E-495E-A86F-B1E87167BF75}
	EndGlobalSection
EndGlobal
